<?xml version="1.0" encoding="utf-8"?>
<Project ToolsVersion="4.0" xmlns="http://schemas.microsoft.com/developer/msbuild/2003">
  <ItemGroup>
    <Filter Include="Source Files">
      <UniqueIdentifier>{4FC737F1-C7A5-4376-A066-2A32D752A2FF}</UniqueIdentifier>
      <Extensions>cpp;c;cc;cxx;def;odl;idl;hpj;bat;asm;asmx</Extensions>
    </Filter>
    <Filter Include="Header Files">
      <UniqueIdentifier>{93995380-89BD-4b04-88EB-625FBE52EBFB}</UniqueIdentifier>
      <Extensions>h;hh;hpp;hxx;hm;inl;inc;ipp;xsd</Extensions>
    </Filter>
    <Filter Include="Resource Files">
      <UniqueIdentifier>{67DA6AB6-F800-4c08-8B7A-83BB121AAD01}</UniqueIdentifier>
      <Extensions>rc;ico;cur;bmp;dlg;rc2;rct;bin;rgs;gif;jpg;jpeg;jpe;resx;tiff;tif;png;wav;mfcribbon-ms</Extensions>
    </Filter>
  </ItemGroup>
  <ItemGroup>
    <ClInclude Include="Headers\Vector.h">
      <Filter>Header Files</Filter>
    </ClInclude>
    <ClInclude Include="Headers\Utils.h">
      <Filter>Header Files</Filter>
    </ClInclude>
    <ClInclude Include="Headers\Math.h">
      <Filter>Header Files</Filter>
    </ClInclude>
    <ClInclude Include="Headers\Matrix.h">
      <Filter>Header Files</Filter>
    </ClInclude>
    <ClInclude Include="Headers\Color.h">
      <Filter>Header Files</Filter>
    </ClInclude>
    <ClInclude Include="Headers\FileParser.h">
      <Filter>Header Files</Filter>
    </ClInclude>
    <ClInclude Include="Headers\Cryptography\CompileTimeRandom.h">
      <Filter>Header Files</Filter>
    </ClInclude>
    <ClInclude Include="Headers\Cryptography\StringEncryption.h">
      <Filter>Header Files</Filter>
    </ClInclude>
    <ClInclude Include="Headers\Rendering\Renderer.h">
      <Filter>Header Files</Filter>
    </ClInclude>
    <ClInclude Include="Headers\Rendering\ShaderManager.h">
      <Filter>Header Files</Filter>
    </ClInclude>
    <ClInclude Include="Headers\Pipes\PipeClient.h">
      <Filter>Header Files</Filter>
    </ClInclude>
    <ClInclude Include="Headers\Pipes\PipeServer.h">
      <Filter>Header Files</Filter>
    </ClInclude>
    <ClInclude Include="Headers\Protection\ErasePEHeaderFromMeory.h">
      <Filter>Header Files</Filter>
    </ClInclude>
    <ClInclude Include="Headers\Protection\SizeOfImage.h">
      <Filter>Header Files</Filter>
    </ClInclude>
    <ClInclude Include="Headers\Protection\AntiDebug.h">
      <Filter>Header Files</Filter>
    </ClInclude>
    <ClInclude Include="Headers\Protection\UnlinkModule.h">
      <Filter>Header Files</Filter>
    </ClInclude>
    <ClInclude Include="Headers\Sockets\SocketClient.h">
      <Filter>Header Files</Filter>
    </ClInclude>
    <ClInclude Include="Headers\Sockets\SocketServer.h">
      <Filter>Header Files</Filter>
    </ClInclude>
  </ItemGroup>
  <ItemGroup>
    <ClCompile Include="Source\Math.cpp">
      <Filter>Source Files</Filter>
    </ClCompile>
    <ClCompile Include="Source\Utils.cpp">
      <Filter>Source Files</Filter>
    </ClCompile>
    <ClCompile Include="Source\Color.cpp">
      <Filter>Source Files</Filter>
    </ClCompile>
    <ClCompile Include="Source\FileParser.cpp">
      <Filter>Source Files</Filter>
    </ClCompile>
    <ClCompile Include="Source\Rendering\Renderer.cpp">
      <Filter>Source Files</Filter>
    </ClCompile>
    <ClCompile Include="Source\Rendering\ShaderManager.cpp">
      <Filter>Source Files</Filter>
    </ClCompile>
    <ClCompile Include="Source\Sockets\SocketClient.cpp">
      <Filter>Source Files</Filter>
    </ClCompile>
    <ClCompile Include="Source\Sockets\SocketServer.cpp">
      <Filter>Source Files</Filter>
    </ClCompile>
    <ClCompile Include="Source\Pipes\PipeClient.cpp">
      <Filter>Source Files</Filter>
    </ClCompile>
    <ClCompile Include="Source\Pipes\PipeServer.cpp">
      <Filter>Source Files</Filter>
    </ClCompile>
    <ClCompile Include="Source\Protection\ErasePEHeaderFromMemory.cpp">
      <Filter>Source Files</Filter>
    </ClCompile>
    <ClCompile Include="Source\Protection\SizeOfImage.cpp">
      <Filter>Source Files</Filter>
    </ClCompile>
    <ClCompile Include="Source\Protection\AntiDebug.cpp">
      <Filter>Source Files</Filter>
    </ClCompile>
    <ClCompile Include="Source\Protection\UnlinkModule.cpp">
      <Filter>Source Files</Filter>
    </ClCompile>
  </ItemGroup>
</Project>